Microsoft Visual Studio Solution File, Format Version 12.00
# Visual Studio Version 17
VisualStudioVersion = 17.5.2.0
MinimumVisualStudioVersion = 10.0.40219.1
Project("{FAE04EC0-301F-11D3-BF4B-00C04F79EFBC}") = "transporte", "transporte.csproj", "{CCB1B890-0040-9DCD-7D81-C644AEF3AA51}"
EndProject
Global
	GlobalSection(SolutionConfigurationPlatforms) = preSolution
		Debug|Any CPU = Debug|Any CPU
		Release|Any CPU = Release|Any CPU
	EndGlobalSection
	GlobalSection(ProjectConfigurationPlatforms) = postSolution
		{CCB1B890-0040-9DCD-7D81-C644AEF3AA51}.Debug|Any CPU.ActiveCfg = Debug|Any CPU
		{CCB1B890-0040-9DCD-7D81-C644AEF3AA51}.Debug|Any CPU.Build.0 = Debug|Any CPU
		{CCB1B890-0040-9DCD-7D81-C644AEF3AA51}.Release|Any CPU.ActiveCfg = Release|Any CPU
		{CCB1B890-0040-9DCD-7D81-C644AEF3AA51}.Release|Any CPU.Build.0 = Release|Any CPU
	EndGlobalSection
	GlobalSection(SolutionProperties) = preSolution
		HideSolutionNode = FALSE
	EndGlobalSection
	GlobalSection(ExtensibilityGlobals) = postSolution
		SolutionGuid = {DBFF354E-5FCB-4A1C-A13D-FF4A544A9030}
	EndGlobalSection
EndGlobal
